
Microsoft Visual Studio Solution File, Format Version 12.00
# Visual Studio Version 16
VisualStudioVersion = 16.0.30114.105
MinimumVisualStudioVersion = 10.0.40219.1
Project("{FAE04EC0-301F-11D3-BF4B-00C04F79EFBC}") = "WebApi", "WebApi\WebApi.csproj", "{C201B4CA-1FDE-4F69-B878-901BD0327F94}"
EndProject
Global
	GlobalSection(SolutionConfigurationPlatforms) = preSolution
		Debug|Any CPU = Debug|Any CPU
		Debug|x64 = Debug|x64
		Debug|x86 = Debug|x86
		Release|Any CPU = Release|Any CPU
		Release|x64 = Release|x64
		Release|x86 = Release|x86
	EndGlobalSection
	GlobalSection(SolutionProperties) = preSolution
		HideSolutionNode = FALSE
	EndGlobalSection
	GlobalSection(ProjectConfigurationPlatforms) = postSolution
		{C201B4CA-1FDE-4F69-B878-901BD0327F94}.Debug|Any CPU.ActiveCfg = Debug|Any CPU
		{C201B4CA-1FDE-4F69-B878-901BD0327F94}.Debug|Any CPU.Build.0 = Debug|Any CPU
		{C201B4CA-1FDE-4F69-B878-901BD0327F94}.Debug|x64.ActiveCfg = Debug|Any CPU
		{C201B4CA-1FDE-4F69-B878-901BD0327F94}.Debug|x64.Build.0 = Debug|Any CPU
		{C201B4CA-1FDE-4F69-B878-901BD0327F94}.Debug|x86.ActiveCfg = Debug|Any CPU
		{C201B4CA-1FDE-4F69-B878-901BD0327F94}.Debug|x86.Build.0 = Debug|Any CPU
		{C201B4CA-1FDE-4F69-B878-901BD0327F94}.Release|Any CPU.ActiveCfg = Release|Any CPU
		{C201B4CA-1FDE-4F69-B878-901BD0327F94}.Release|Any CPU.Build.0 = Release|Any CPU
		{C201B4CA-1FDE-4F69-B878-901BD0327F94}.Release|x64.ActiveCfg = Release|Any CPU
		{C201B4CA-1FDE-4F69-B878-901BD0327F94}.Release|x64.Build.0 = Release|Any CPU
		{C201B4CA-1FDE-4F69-B878-901BD0327F94}.Release|x86.ActiveCfg = Release|Any CPU
		{C201B4CA-1FDE-4F69-B878-901BD0327F94}.Release|x86.Build.0 = Release|Any CPU
	EndGlobalSection
EndGlobal
